
Microsoft Visual Studio Solution File, Format Version 12.00
# Visual Studio 14
VisualStudioVersion = 14.0.25420.1
MinimumVisualStudioVersion = 10.0.40219.1
Project("{FAE04EC0-301F-11D3-BF4B-00C04F79EFBC}") = "ComboBoxColumnBoundToEnum", "ComboBoxColumnBoundToEnum\ComboBoxColumnBoundToEnum.csproj", "{1DFF824F-133F-41B1-ABB0-2836C99D826D}"
EndProject
Global
	GlobalSection(SolutionConfigurationPlatforms) = preSolution
		Debug|Any CPU = Debug|Any CPU
		Release|Any CPU = Release|Any CPU
	EndGlobalSection
	GlobalSection(ProjectConfigurationPlatforms) = postSolution
		{1DFF824F-133F-41B1-ABB0-2836C99D826D}.Debug|Any CPU.ActiveCfg = Debug|Any CPU
		{1DFF824F-133F-41B1-ABB0-2836C99D826D}.Debug|Any CPU.Build.0 = Debug|Any CPU
		{1DFF824F-133F-41B1-ABB0-2836C99D826D}.Release|Any CPU.ActiveCfg = Release|Any CPU
		{1DFF824F-133F-41B1-ABB0-2836C99D826D}.Release|Any CPU.Build.0 = Release|Any CPU
	EndGlobalSection
	GlobalSection(SolutionProperties) = preSolution
		HideSolutionNode = FALSE
	EndGlobalSection
EndGlobal
